
Microsoft Visual Studio Solution File, Format Version 12.00
# Visual Studio Version 16
VisualStudioVersion = 16.0.31424.327
MinimumVisualStudioVersion = 10.0.40219.1
Project("{9A19103F-16F7-4668-BE54-9A1E7A4F7556}") = "Test1", "Test1\Test1.csproj", "{1C506AB4-D94D-4135-99C3-E69E127202F9}"
EndProject
Global
	GlobalSection(SolutionConfigurationPlatforms) = preSolution
		Debug|Any CPU = Debug|Any CPU
		Release|Any CPU = Release|Any CPU
	EndGlobalSection
	GlobalSection(ProjectConfigurationPlatforms) = postSolution
		{1C506AB4-D94D-4135-99C3-E69E127202F9}.Debug|Any CPU.ActiveCfg = Debug|Any CPU
		{1C506AB4-D94D-4135-99C3-E69E127202F9}.Debug|Any CPU.Build.0 = Debug|Any CPU
		{1C506AB4-D94D-4135-99C3-E69E127202F9}.Release|Any CPU.ActiveCfg = Release|Any CPU
		{1C506AB4-D94D-4135-99C3-E69E127202F9}.Release|Any CPU.Build.0 = Release|Any CPU
	EndGlobalSection
	GlobalSection(SolutionProperties) = preSolution
		HideSolutionNode = FALSE
	EndGlobalSection
	GlobalSection(ExtensibilityGlobals) = postSolution
		SolutionGuid = {35BE8C85-4189-4514-858B-BEAE2F6890D5}
	EndGlobalSection
EndGlobal
